
Microsoft Visual Studio Solution File, Format Version 12.00
# Visual Studio Version 17
VisualStudioVersion = 17.5.33414.496
MinimumVisualStudioVersion = 10.0.40219.1
Project("{FAE04EC0-301F-11D3-BF4B-00C04F79EFBC}") = "tp_mod3_1302210004", "tp_mod3_1302210004\tp_mod3_1302210004.csproj", "{1FC332B2-0221-4946-BAC9-EE1DBC040C32}"
EndProject
Global
	GlobalSection(SolutionConfigurationPlatforms) = preSolution
		Debug|Any CPU = Debug|Any CPU
		Release|Any CPU = Release|Any CPU
	EndGlobalSection
	GlobalSection(ProjectConfigurationPlatforms) = postSolution
		{1FC332B2-0221-4946-BAC9-EE1DBC040C32}.Debug|Any CPU.ActiveCfg = Debug|Any CPU
		{1FC332B2-0221-4946-BAC9-EE1DBC040C32}.Debug|Any CPU.Build.0 = Debug|Any CPU
		{1FC332B2-0221-4946-BAC9-EE1DBC040C32}.Release|Any CPU.ActiveCfg = Release|Any CPU
		{1FC332B2-0221-4946-BAC9-EE1DBC040C32}.Release|Any CPU.Build.0 = Release|Any CPU
	EndGlobalSection
	GlobalSection(SolutionProperties) = preSolution
		HideSolutionNode = FALSE
	EndGlobalSection
	GlobalSection(ExtensibilityGlobals) = postSolution
		SolutionGuid = {F63F5579-3405-4DB2-B3A8-6250504B0E0A}
	EndGlobalSection
EndGlobal
